
Microsoft Visual Studio Solution File, Format Version 12.00
# Visual Studio Version 16
VisualStudioVersion = 16.0.31129.286
MinimumVisualStudioVersion = 10.0.40219.1
Project("{2150E333-8FDC-42A3-9474-1A3956D46DE8}") = "Api", "Api", "{99E53FAA-C613-4E86-A4DD-74BD7C1969D0}"
EndProject
Project("{2150E333-8FDC-42A3-9474-1A3956D46DE8}") = "IdentityServer", "IdentityServer", "{0C0DF91E-C65D-4B55-B2A1-D2E99EB88EA4}"
EndProject
Project("{9A19103F-16F7-4668-BE54-9A1E7A4F7556}") = "IdentityServer.Api", "Api\IdentityServer.Api\IdentityServer.Api.csproj", "{3AD4DCFA-9376-4530-92FE-18D8B5FB8962}"
EndProject
Project("{9A19103F-16F7-4668-BE54-9A1E7A4F7556}") = "IdentityServer.Web", "Client\IdentityServer.Web\IdentityServer.Web.csproj", "{A1BA134D-1B43-47A0-970C-2C942253872D}"
EndProject
Project("{2150E333-8FDC-42A3-9474-1A3956D46DE8}") = "Client", "Client", "{9D635258-C8E9-4D38-8183-79D60FF9FC1C}"
EndProject
Project("{FAE04EC0-301F-11D3-BF4B-00C04F79EFBC}") = "IdentityServer.Host", "IdentityServer\IdentityServer.Host\IdentityServer.Host.csproj", "{7246A39C-0B0F-4C8A-8CBC-74F3F4F486C8}"
EndProject
Global
	GlobalSection(SolutionConfigurationPlatforms) = preSolution
		Debug|Any CPU = Debug|Any CPU
		Release|Any CPU = Release|Any CPU
	EndGlobalSection
	GlobalSection(ProjectConfigurationPlatforms) = postSolution
		{3AD4DCFA-9376-4530-92FE-18D8B5FB8962}.Debug|Any CPU.ActiveCfg = Debug|Any CPU
		{3AD4DCFA-9376-4530-92FE-18D8B5FB8962}.Debug|Any CPU.Build.0 = Debug|Any CPU
		{3AD4DCFA-9376-4530-92FE-18D8B5FB8962}.Release|Any CPU.ActiveCfg = Release|Any CPU
		{3AD4DCFA-9376-4530-92FE-18D8B5FB8962}.Release|Any CPU.Build.0 = Release|Any CPU
		{A1BA134D-1B43-47A0-970C-2C942253872D}.Debug|Any CPU.ActiveCfg = Debug|Any CPU
		{A1BA134D-1B43-47A0-970C-2C942253872D}.Debug|Any CPU.Build.0 = Debug|Any CPU
		{A1BA134D-1B43-47A0-970C-2C942253872D}.Release|Any CPU.ActiveCfg = Release|Any CPU
		{A1BA134D-1B43-47A0-970C-2C942253872D}.Release|Any CPU.Build.0 = Release|Any CPU
		{7246A39C-0B0F-4C8A-8CBC-74F3F4F486C8}.Debug|Any CPU.ActiveCfg = Debug|Any CPU
		{7246A39C-0B0F-4C8A-8CBC-74F3F4F486C8}.Debug|Any CPU.Build.0 = Debug|Any CPU
		{7246A39C-0B0F-4C8A-8CBC-74F3F4F486C8}.Release|Any CPU.ActiveCfg = Release|Any CPU
		{7246A39C-0B0F-4C8A-8CBC-74F3F4F486C8}.Release|Any CPU.Build.0 = Release|Any CPU
	EndGlobalSection
	GlobalSection(SolutionProperties) = preSolution
		HideSolutionNode = FALSE
	EndGlobalSection
	GlobalSection(NestedProjects) = preSolution
		{3AD4DCFA-9376-4530-92FE-18D8B5FB8962} = {99E53FAA-C613-4E86-A4DD-74BD7C1969D0}
		{A1BA134D-1B43-47A0-970C-2C942253872D} = {9D635258-C8E9-4D38-8183-79D60FF9FC1C}
		{7246A39C-0B0F-4C8A-8CBC-74F3F4F486C8} = {0C0DF91E-C65D-4B55-B2A1-D2E99EB88EA4}
	EndGlobalSection
	GlobalSection(ExtensibilityGlobals) = postSolution
		SolutionGuid = {AEB1D46D-2345-41E0-8903-3A1A2243CA0E}
	EndGlobalSection
EndGlobal
